
Microsoft Visual Studio Solution File, Format Version 12.00
# Visual Studio Version 16
VisualStudioVersion = 16.0.31112.23
MinimumVisualStudioVersion = 10.0.40219.1
Project("{9A19103F-16F7-4668-BE54-9A1E7A4F7556}") = "FYI.Domain", "FYI.Domain\FYI.Domain.csproj", "{7C9D5578-F687-4D7F-ABFC-B57716C2922A}"
EndProject
Project("{9A19103F-16F7-4668-BE54-9A1E7A4F7556}") = "FYI.Shared", "FYI.Shared\FYI.Shared.csproj", "{9EFC0D5A-94A8-4F6A-9804-941A5A5949FF}"
EndProject
Project("{9A19103F-16F7-4668-BE54-9A1E7A4F7556}") = "FYI.Tests", "FYI.Tests\FYI.Tests.csproj", "{2777C2B9-A725-4E99-845C-D3506D09E92F}"
EndProject
Project("{9A19103F-16F7-4668-BE54-9A1E7A4F7556}") = "FYI.Infra.Data", "FYI.Infra.Data\FYI.Infra.Data.csproj", "{147C7A39-4EE7-47D0-A8B7-9B245554635C}"
EndProject
Project("{FAE04EC0-301F-11D3-BF4B-00C04F79EFBC}") = "FYI.Api", "FYI.Api\FYI.Api.csproj", "{9C1C311F-A45C-417B-9253-6C8E958F61BA}"
EndProject
Global
	GlobalSection(SolutionConfigurationPlatforms) = preSolution
		Debug|Any CPU = Debug|Any CPU
		Release|Any CPU = Release|Any CPU
	EndGlobalSection
	GlobalSection(ProjectConfigurationPlatforms) = postSolution
		{7C9D5578-F687-4D7F-ABFC-B57716C2922A}.Debug|Any CPU.ActiveCfg = Debug|Any CPU
		{7C9D5578-F687-4D7F-ABFC-B57716C2922A}.Debug|Any CPU.Build.0 = Debug|Any CPU
		{7C9D5578-F687-4D7F-ABFC-B57716C2922A}.Release|Any CPU.ActiveCfg = Release|Any CPU
		{7C9D5578-F687-4D7F-ABFC-B57716C2922A}.Release|Any CPU.Build.0 = Release|Any CPU
		{9EFC0D5A-94A8-4F6A-9804-941A5A5949FF}.Debug|Any CPU.ActiveCfg = Debug|Any CPU
		{9EFC0D5A-94A8-4F6A-9804-941A5A5949FF}.Debug|Any CPU.Build.0 = Debug|Any CPU
		{9EFC0D5A-94A8-4F6A-9804-941A5A5949FF}.Release|Any CPU.ActiveCfg = Release|Any CPU
		{9EFC0D5A-94A8-4F6A-9804-941A5A5949FF}.Release|Any CPU.Build.0 = Release|Any CPU
		{2777C2B9-A725-4E99-845C-D3506D09E92F}.Debug|Any CPU.ActiveCfg = Debug|Any CPU
		{2777C2B9-A725-4E99-845C-D3506D09E92F}.Debug|Any CPU.Build.0 = Debug|Any CPU
		{2777C2B9-A725-4E99-845C-D3506D09E92F}.Release|Any CPU.ActiveCfg = Release|Any CPU
		{2777C2B9-A725-4E99-845C-D3506D09E92F}.Release|Any CPU.Build.0 = Release|Any CPU
		{147C7A39-4EE7-47D0-A8B7-9B245554635C}.Debug|Any CPU.ActiveCfg = Debug|Any CPU
		{147C7A39-4EE7-47D0-A8B7-9B245554635C}.Debug|Any CPU.Build.0 = Debug|Any CPU
		{147C7A39-4EE7-47D0-A8B7-9B245554635C}.Release|Any CPU.ActiveCfg = Release|Any CPU
		{147C7A39-4EE7-47D0-A8B7-9B245554635C}.Release|Any CPU.Build.0 = Release|Any CPU
		{9C1C311F-A45C-417B-9253-6C8E958F61BA}.Debug|Any CPU.ActiveCfg = Debug|Any CPU
		{9C1C311F-A45C-417B-9253-6C8E958F61BA}.Debug|Any CPU.Build.0 = Debug|Any CPU
		{9C1C311F-A45C-417B-9253-6C8E958F61BA}.Release|Any CPU.ActiveCfg = Release|Any CPU
		{9C1C311F-A45C-417B-9253-6C8E958F61BA}.Release|Any CPU.Build.0 = Release|Any CPU
	EndGlobalSection
	GlobalSection(SolutionProperties) = preSolution
		HideSolutionNode = FALSE
	EndGlobalSection
	GlobalSection(ExtensibilityGlobals) = postSolution
		SolutionGuid = {C037F1E8-0C5D-41FB-857B-E620B2856610}
	EndGlobalSection
EndGlobal
